# Direct source inputs verified for the production animation build. The
# animation helper also links the pinned libaom, libheif, lcms2, and sRGB2014
# inputs recorded by internal/stillprocessor/helper/toolchain.lock. The
# transitive system/OCI closure remains owned by issue #20.

libwebp 1.6.0
url https://storage.googleapis.com/downloads.webmproject.org/releases/webp/libwebp-1.6.0.tar.gz
sha256 e4ab7009bf0629fd11982d4c2aa83964cf244cffba7347ecd39019a9e38c4564
license BSD-3-Clause

giflib 5.2.2
url https://sourceforge.net/projects/giflib/files/giflib-5.2.2.tar.gz/download
sha256 be7ffbd057cadebe2aa144542fd90c6838c6a083b5e8a9048b8ee3b66b29d5fb
license MIT
